
Microsoft Visual Studio Solution File, Format Version 12.00
Project("{FAE04EC0-301F-11D3-BF4B-00C04F79EFBC}") = "currencyConvertor", "currencyConvertor\currencyConvertor.csproj", "{E32B45F8-749D-43EE-83F8-880FA9723053}"
EndProject
Global
	GlobalSection(SolutionConfigurationPlatforms) = preSolution
		Debug|Any CPU = Debug|Any CPU
		Release|Any CPU = Release|Any CPU
	EndGlobalSection
	GlobalSection(ProjectConfigurationPlatforms) = postSolution
		{E32B45F8-749D-43EE-83F8-880FA9723053}.Debug|Any CPU.ActiveCfg = Debug|Any CPU
		{E32B45F8-749D-43EE-83F8-880FA9723053}.Debug|Any CPU.Build.0 = Debug|Any CPU
		{E32B45F8-749D-43EE-83F8-880FA9723053}.Release|Any CPU.ActiveCfg = Release|Any CPU
		{E32B45F8-749D-43EE-83F8-880FA9723053}.Release|Any CPU.Build.0 = Release|Any CPU
	EndGlobalSection
EndGlobal
